
Microsoft Visual Studio Solution File, Format Version 12.00
# Visual Studio Version 17
VisualStudioVersion = 17.2.32519.379
MinimumVisualStudioVersion = 10.0.40219.1
Project("{FAE04EC0-301F-11D3-BF4B-00C04F79EFBC}") = "TSQDigitalHand.UWP", "TSQDigitalHand\TSQDigitalHand.UWP\TSQDigitalHand.UWP.csproj", "{758FD633-7537-42C9-A54B-33E0FE6FD3E9}"
EndProject
Project("{FAE04EC0-301F-11D3-BF4B-00C04F79EFBC}") = "TSQDigitalHand.Android", "TSQDigitalHand\TSQDigitalHand.Android\TSQDigitalHand.Android.csproj", "{6C3781AF-FABD-42D8-A3F3-CBE227716A4B}"
EndProject
Project("{FAE04EC0-301F-11D3-BF4B-00C04F79EFBC}") = "TSQDigitalHand.iOS", "TSQDigitalHand\TSQDigitalHand.iOS\TSQDigitalHand.iOS.csproj", "{E58DE4A4-57CE-4B90-A754-0D2D84E4F277}"
EndProject
Project("{9A19103F-16F7-4668-BE54-9A1E7A4F7556}") = "TSQDigitalHand", "TSQDigitalHand\TSQDigitalHand\TSQDigitalHand.csproj", "{BC64093E-1EC1-4801-8C0C-3737F9C052F7}"
EndProject
Global
	GlobalSection(SolutionConfigurationPlatforms) = preSolution
		Debug|Any CPU = Debug|Any CPU
		Debug|ARM = Debug|ARM
		Debug|iPhone = Debug|iPhone
		Debug|iPhoneSimulator = Debug|iPhoneSimulator
		Debug|x64 = Debug|x64
		Debug|x86 = Debug|x86
		Release|Any CPU = Release|Any CPU
		Release|ARM = Release|ARM
		Release|iPhone = Release|iPhone
		Release|iPhoneSimulator = Release|iPhoneSimulator
		Release|x64 = Release|x64
		Release|x86 = Release|x86
	EndGlobalSection
	GlobalSection(ProjectConfigurationPlatforms) = postSolution
		{758FD633-7537-42C9-A54B-33E0FE6FD3E9}.Debug|Any CPU.ActiveCfg = Debug|x64
		{758FD633-7537-42C9-A54B-33E0FE6FD3E9}.Debug|ARM.ActiveCfg = Debug|ARM
		{758FD633-7537-42C9-A54B-33E0FE6FD3E9}.Debug|ARM.Build.0 = Debug|ARM
		{758FD633-7537-42C9-A54B-33E0FE6FD3E9}.Debug|ARM.Deploy.0 = Debug|ARM
		{758FD633-7537-42C9-A54B-33E0FE6FD3E9}.Debug|iPhone.ActiveCfg = Debug|x64
		{758FD633-7537-42C9-A54B-33E0FE6FD3E9}.Debug|iPhone.Build.0 = Debug|x64
		{758FD633-7537-42C9-A54B-33E0FE6FD3E9}.Debug|iPhone.Deploy.0 = Debug|x64
		{758FD633-7537-42C9-A54B-33E0FE6FD3E9}.Debug|iPhoneSimulator.ActiveCfg = Debug|x64
		{758FD633-7537-42C9-A54B-33E0FE6FD3E9}.Debug|iPhoneSimulator.Build.0 = Debug|x64
		{758FD633-7537-42C9-A54B-33E0FE6FD3E9}.Debug|iPhoneSimulator.Deploy.0 = Debug|x64
		{758FD633-7537-42C9-A54B-33E0FE6FD3E9}.Debug|x64.ActiveCfg = Debug|x64
		{758FD633-7537-42C9-A54B-33E0FE6FD3E9}.Debug|x64.Build.0 = Debug|x64
		{758FD633-7537-42C9-A54B-33E0FE6FD3E9}.Debug|x64.Deploy.0 = Debug|x64
		{758FD633-7537-42C9-A54B-33E0FE6FD3E9}.Debug|x86.ActiveCfg = Debug|x86
		{758FD633-7537-42C9-A54B-33E0FE6FD3E9}.Debug|x86.Build.0 = Debug|x86
		{758FD633-7537-42C9-A54B-33E0FE6FD3E9}.Debug|x86.Deploy.0 = Debug|x86
		{758FD633-7537-42C9-A54B-33E0FE6FD3E9}.Release|Any CPU.ActiveCfg = Release|x64
		{758FD633-7537-42C9-A54B-33E0FE6FD3E9}.Release|ARM.ActiveCfg = Release|ARM
		{758FD633-7537-42C9-A54B-33E0FE6FD3E9}.Release|ARM.Build.0 = Release|ARM
		{758FD633-7537-42C9-A54B-33E0FE6FD3E9}.Release|ARM.Deploy.0 = Release|ARM
		{758FD633-7537-42C9-A54B-33E0FE6FD3E9}.Release|iPhone.ActiveCfg = Release|x64
		{758FD633-7537-42C9-A54B-33E0FE6FD3E9}.Release|iPhone.Build.0 = Release|x64
		{758FD633-7537-42C9-A54B-33E0FE6FD3E9}.Release|iPhone.Deploy.0 = Release|x64
		{758FD633-7537-42C9-A54B-33E0FE6FD3E9}.Release|iPhoneSimulator.ActiveCfg = Release|x64
		{758FD633-7537-42C9-A54B-33E0FE6FD3E9}.Release|iPhoneSimulator.Build.0 = Release|x64
		{758FD633-7537-42C9-A54B-33E0FE6FD3E9}.Release|iPhoneSimulator.Deploy.0 = Release|x64
		{758FD633-7537-42C9-A54B-33E0FE6FD3E9}.Release|x64.ActiveCfg = Release|x64
		{758FD633-7537-42C9-A54B-33E0FE6FD3E9}.Release|x64.Build.0 = Release|x64
		{758FD633-7537-42C9-A54B-33E0FE6FD3E9}.Release|x64.Deploy.0 = Release|x64
		{758FD633-7537-42C9-A54B-33E0FE6FD3E9}.Release|x86.ActiveCfg = Release|x86
		{758FD633-7537-42C9-A54B-33E0FE6FD3E9}.Release|x86.Build.0 = Release|x86
		{758FD633-7537-42C9-A54B-33E0FE6FD3E9}.Release|x86.Deploy.0 = Release|x86
		{6C3781AF-FABD-42D8-A3F3-CBE227716A4B}.Debug|Any CPU.ActiveCfg = Debug|Any CPU
		{6C3781AF-FABD-42D8-A3F3-CBE227716A4B}.Debug|Any CPU.Build.0 = Debug|Any CPU
		{6C3781AF-FABD-42D8-A3F3-CBE227716A4B}.Debug|Any CPU.Deploy.0 = Debug|Any CPU
		{6C3781AF-FABD-42D8-A3F3-CBE227716A4B}.Debug|ARM.ActiveCfg = Debug|Any CPU
		{6C3781AF-FABD-42D8-A3F3-CBE227716A4B}.Debug|ARM.Build.0 = Debug|Any CPU
		{6C3781AF-FABD-42D8-A3F3-CBE227716A4B}.Debug|ARM.Deploy.0 = Debug|Any CPU
		{6C3781AF-FABD-42D8-A3F3-CBE227716A4B}.Debug|iPhone.ActiveCfg = Debug|Any CPU
		{6C3781AF-FABD-42D8-A3F3-CBE227716A4B}.Debug|iPhone.Build.0 = Debug|Any CPU
		{6C3781AF-FABD-42D8-A3F3-CBE227716A4B}.Debug|iPhone.Deploy.0 = Debug|Any CPU
		{6C3781AF-FABD-42D8-A3F3-CBE227716A4B}.Debug|iPhoneSimulator.ActiveCfg = Debug|Any CPU
		{6C3781AF-FABD-42D8-A3F3-CBE227716A4B}.Debug|iPhoneSimulator.Build.0 = Debug|Any CPU
		{6C3781AF-FABD-42D8-A3F3-CBE227716A4B}.Debug|iPhoneSimulator.Deploy.0 = Debug|Any CPU
		{6C3781AF-FABD-42D8-A3F3-CBE227716A4B}.Debug|x64.ActiveCfg = Debug|Any CPU
		{6C3781AF-FABD-42D8-A3F3-CBE227716A4B}.Debug|x64.Build.0 = Debug|Any CPU
		{6C3781AF-FABD-42D8-A3F3-CBE227716A4B}.Debug|x64.Deploy.0 = Debug|Any CPU
		{6C3781AF-FABD-42D8-A3F3-CBE227716A4B}.Debug|x86.ActiveCfg = Debug|Any CPU
		{6C3781AF-FABD-42D8-A3F3-CBE227716A4B}.Debug|x86.Build.0 = Debug|Any CPU
		{6C3781AF-FABD-42D8-A3F3-CBE227716A4B}.Debug|x86.Deploy.0 = Debug|Any CPU
		{6C3781AF-FABD-42D8-A3F3-CBE227716A4B}.Release|Any CPU.ActiveCfg = Release|Any CPU
		{6C3781AF-FABD-42D8-A3F3-CBE227716A4B}.Release|Any CPU.Build.0 = Release|Any CPU
		{6C3781AF-FABD-42D8-A3F3-CBE227716A4B}.Release|Any CPU.Deploy.0 = Release|Any CPU
		{6C3781AF-FABD-42D8-A3F3-CBE227716A4B}.Release|ARM.ActiveCfg = Release|Any CPU
		{6C3781AF-FABD-42D8-A3F3-CBE227716A4B}.Release|ARM.Build.0 = Release|Any CPU
		{6C3781AF-FABD-42D8-A3F3-CBE227716A4B}.Release|ARM.Deploy.0 = Release|Any CPU
		{6C3781AF-FABD-42D8-A3F3-CBE227716A4B}.Release|iPhone.ActiveCfg = Release|Any CPU
		{6C3781AF-FABD-42D8-A3F3-CBE227716A4B}.Release|iPhone.Build.0 = Release|Any CPU
		{6C3781AF-FABD-42D8-A3F3-CBE227716A4B}.Release|iPhone.Deploy.0 = Release|Any CPU
		{6C3781AF-FABD-42D8-A3F3-CBE227716A4B}.Release|iPhoneSimulator.ActiveCfg = Release|Any CPU
		{6C3781AF-FABD-42D8-A3F3-CBE227716A4B}.Release|iPhoneSimulator.Build.0 = Release|Any CPU
		{6C3781AF-FABD-42D8-A3F3-CBE227716A4B}.Release|iPhoneSimulator.Deploy.0 = Release|Any CPU
		{6C3781AF-FABD-42D8-A3F3-CBE227716A4B}.Release|x64.ActiveCfg = Release|Any CPU
		{6C3781AF-FABD-42D8-A3F3-CBE227716A4B}.Release|x64.Build.0 = Release|Any CPU
		{6C3781AF-FABD-42D8-A3F3-CBE227716A4B}.Release|x64.Deploy.0 = Release|Any CPU
		{6C3781AF-FABD-42D8-A3F3-CBE227716A4B}.Release|x86.ActiveCfg = Release|Any CPU
		{6C3781AF-FABD-42D8-A3F3-CBE227716A4B}.Release|x86.Build.0 = Release|Any CPU
		{6C3781AF-FABD-42D8-A3F3-CBE227716A4B}.Release|x86.Deploy.0 = Release|Any CPU
		{E58DE4A4-57CE-4B90-A754-0D2D84E4F277}.Debug|Any CPU.ActiveCfg = Debug|iPhoneSimulator
		{E58DE4A4-57CE-4B90-A754-0D2D84E4F277}.Debug|Any CPU.Deploy.0 = Debug|iPhoneSimulator
		{E58DE4A4-57CE-4B90-A754-0D2D84E4F277}.Debug|ARM.ActiveCfg = Debug|iPhoneSimulator
		{E58DE4A4-57CE-4B90-A754-0D2D84E4F277}.Debug|ARM.Build.0 = Debug|iPhoneSimulator
		{E58DE4A4-57CE-4B90-A754-0D2D84E4F277}.Debug|ARM.Deploy.0 = Debug|iPhoneSimulator
		{E58DE4A4-57CE-4B90-A754-0D2D84E4F277}.Debug|iPhone.ActiveCfg = Debug|iPhone
		{E58DE4A4-57CE-4B90-A754-0D2D84E4F277}.Debug|iPhone.Build.0 = Debug|iPhone
		{E58DE4A4-57CE-4B90-A754-0D2D84E4F277}.Debug|iPhone.Deploy.0 = Debug|iPhone
		{E58DE4A4-57CE-4B90-A754-0D2D84E4F277}.Debug|iPhoneSimulator.ActiveCfg = Debug|iPhoneSimulator
		{E58DE4A4-57CE-4B90-A754-0D2D84E4F277}.Debug|iPhoneSimulator.Build.0 = Debug|iPhoneSimulator
		{E58DE4A4-57CE-4B90-A754-0D2D84E4F277}.Debug|iPhoneSimulator.Deploy.0 = Debug|iPhoneSimulator
		{E58DE4A4-57CE-4B90-A754-0D2D84E4F277}.Debug|x64.ActiveCfg = Debug|iPhone
		{E58DE4A4-57CE-4B90-A754-0D2D84E4F277}.Debug|x64.Build.0 = Debug|iPhone
		{E58DE4A4-57CE-4B90-A754-0D2D84E4F277}.Debug|x64.Deploy.0 = Debug|iPhone
		{E58DE4A4-57CE-4B90-A754-0D2D84E4F277}.Debug|x86.ActiveCfg = Debug|iPhoneSimulator
		{E58DE4A4-57CE-4B90-A754-0D2D84E4F277}.Debug|x86.Build.0 = Debug|iPhoneSimulator
		{E58DE4A4-57CE-4B90-A754-0D2D84E4F277}.Debug|x86.Deploy.0 = Debug|iPhoneSimulator
		{E58DE4A4-57CE-4B90-A754-0D2D84E4F277}.Release|Any CPU.ActiveCfg = Release|iPhoneSimulator
		{E58DE4A4-57CE-4B90-A754-0D2D84E4F277}.Release|Any CPU.Deploy.0 = Release|iPhoneSimulator
		{E58DE4A4-57CE-4B90-A754-0D2D84E4F277}.Release|ARM.ActiveCfg = Release|iPhoneSimulator
		{E58DE4A4-57CE-4B90-A754-0D2D84E4F277}.Release|ARM.Build.0 = Release|iPhoneSimulator
		{E58DE4A4-57CE-4B90-A754-0D2D84E4F277}.Release|ARM.Deploy.0 = Release|iPhoneSimulator
		{E58DE4A4-57CE-4B90-A754-0D2D84E4F277}.Release|iPhone.ActiveCfg = Release|iPhone
		{E58DE4A4-57CE-4B90-A754-0D2D84E4F277}.Release|iPhone.Build.0 = Release|iPhone
		{E58DE4A4-57CE-4B90-A754-0D2D84E4F277}.Release|iPhone.Deploy.0 = Release|iPhone
		{E58DE4A4-57CE-4B90-A754-0D2D84E4F277}.Release|iPhoneSimulator.ActiveCfg = Release|iPhoneSimulator
		{E58DE4A4-57CE-4B90-A754-0D2D84E4F277}.Release|iPhoneSimulator.Build.0 = Release|iPhoneSimulator
		{E58DE4A4-57CE-4B90-A754-0D2D84E4F277}.Release|iPhoneSimulator.Deploy.0 = Release|iPhoneSimulator
		{E58DE4A4-57CE-4B90-A754-0D2D84E4F277}.Release|x64.ActiveCfg = Release|iPhoneSimulator
		{E58DE4A4-57CE-4B90-A754-0D2D84E4F277}.Release|x64.Build.0 = Release|iPhoneSimulator
		{E58DE4A4-57CE-4B90-A754-0D2D84E4F277}.Release|x64.Deploy.0 = Release|iPhoneSimulator
		{E58DE4A4-57CE-4B90-A754-0D2D84E4F277}.Release|x86.ActiveCfg = Release|iPhoneSimulator
		{E58DE4A4-57CE-4B90-A754-0D2D84E4F277}.Release|x86.Build.0 = Release|iPhoneSimulator
		{E58DE4A4-57CE-4B90-A754-0D2D84E4F277}.Release|x86.Deploy.0 = Release|iPhoneSimulator
		{BC64093E-1EC1-4801-8C0C-3737F9C052F7}.Debug|Any CPU.ActiveCfg = Debug|Any CPU
		{BC64093E-1EC1-4801-8C0C-3737F9C052F7}.Debug|Any CPU.Build.0 = Debug|Any CPU
		{BC64093E-1EC1-4801-8C0C-3737F9C052F7}.Debug|Any CPU.Deploy.0 = Debug|Any CPU
		{BC64093E-1EC1-4801-8C0C-3737F9C052F7}.Debug|ARM.ActiveCfg = Debug|Any CPU
		{BC64093E-1EC1-4801-8C0C-3737F9C052F7}.Debug|ARM.Build.0 = Debug|Any CPU
		{BC64093E-1EC1-4801-8C0C-3737F9C052F7}.Debug|ARM.Deploy.0 = Debug|Any CPU
		{BC64093E-1EC1-4801-8C0C-3737F9C052F7}.Debug|iPhone.ActiveCfg = Debug|Any CPU
		{BC64093E-1EC1-4801-8C0C-3737F9C052F7}.Debug|iPhone.Build.0 = Debug|Any CPU
		{BC64093E-1EC1-4801-8C0C-3737F9C052F7}.Debug|iPhone.Deploy.0 = Debug|Any CPU
		{BC64093E-1EC1-4801-8C0C-3737F9C052F7}.Debug|iPhoneSimulator.ActiveCfg = Debug|Any CPU
		{BC64093E-1EC1-4801-8C0C-3737F9C052F7}.Debug|iPhoneSimulator.Build.0 = Debug|Any CPU
		{BC64093E-1EC1-4801-8C0C-3737F9C052F7}.Debug|iPhoneSimulator.Deploy.0 = Debug|Any CPU
		{BC64093E-1EC1-4801-8C0C-3737F9C052F7}.Debug|x64.ActiveCfg = Debug|Any CPU
		{BC64093E-1EC1-4801-8C0C-3737F9C052F7}.Debug|x64.Build.0 = Debug|Any CPU
		{BC64093E-1EC1-4801-8C0C-3737F9C052F7}.Debug|x64.Deploy.0 = Debug|Any CPU
		{BC64093E-1EC1-4801-8C0C-3737F9C052F7}.Debug|x86.ActiveCfg = Debug|Any CPU
		{BC64093E-1EC1-4801-8C0C-3737F9C052F7}.Debug|x86.Build.0 = Debug|Any CPU
		{BC64093E-1EC1-4801-8C0C-3737F9C052F7}.Debug|x86.Deploy.0 = Debug|Any CPU
		{BC64093E-1EC1-4801-8C0C-3737F9C052F7}.Release|Any CPU.ActiveCfg = Release|Any CPU
		{BC64093E-1EC1-4801-8C0C-3737F9C052F7}.Release|Any CPU.Build.0 = Release|Any CPU
		{BC64093E-1EC1-4801-8C0C-3737F9C052F7}.Release|Any CPU.Deploy.0 = Release|Any CPU
		{BC64093E-1EC1-4801-8C0C-3737F9C052F7}.Release|ARM.ActiveCfg = Release|Any CPU
		{BC64093E-1EC1-4801-8C0C-3737F9C052F7}.Release|ARM.Build.0 = Release|Any CPU
		{BC64093E-1EC1-4801-8C0C-3737F9C052F7}.Release|ARM.Deploy.0 = Release|Any CPU
		{BC64093E-1EC1-4801-8C0C-3737F9C052F7}.Release|iPhone.ActiveCfg = Release|Any CPU
		{BC64093E-1EC1-4801-8C0C-3737F9C052F7}.Release|iPhone.Build.0 = Release|Any CPU
		{BC64093E-1EC1-4801-8C0C-3737F9C052F7}.Release|iPhone.Deploy.0 = Release|Any CPU
		{BC64093E-1EC1-4801-8C0C-3737F9C052F7}.Release|iPhoneSimulator.ActiveCfg = Release|Any CPU
		{BC64093E-1EC1-4801-8C0C-3737F9C052F7}.Release|iPhoneSimulator.Build.0 = Release|Any CPU
		{BC64093E-1EC1-4801-8C0C-3737F9C052F7}.Release|iPhoneSimulator.Deploy.0 = Release|Any CPU
		{BC64093E-1EC1-4801-8C0C-3737F9C052F7}.Release|x64.ActiveCfg = Release|Any CPU
		{BC64093E-1EC1-4801-8C0C-3737F9C052F7}.Release|x64.Build.0 = Release|Any CPU
		{BC64093E-1EC1-4801-8C0C-3737F9C052F7}.Release|x64.Deploy.0 = Release|Any CPU
		{BC64093E-1EC1-4801-8C0C-3737F9C052F7}.Release|x86.ActiveCfg = Release|Any CPU
		{BC64093E-1EC1-4801-8C0C-3737F9C052F7}.Release|x86.Build.0 = Release|Any CPU
		{BC64093E-1EC1-4801-8C0C-3737F9C052F7}.Release|x86.Deploy.0 = Release|Any CPU
	EndGlobalSection
	GlobalSection(SolutionProperties) = preSolution
		HideSolutionNode = FALSE
	EndGlobalSection
	GlobalSection(ExtensibilityGlobals) = postSolution
		SolutionGuid = {36553A4E-37EF-458F-A419-41400DE2861A}
	EndGlobalSection
EndGlobal
